
Microsoft Visual Studio Solution File, Format Version 12.00
Project("{FAE04EC0-301F-11D3-BF4B-00C04F79EFBC}") = "TodoListShirokovv", "TodoListShirokovv\TodoListShirokovv.csproj", "{23A0B31E-8481-4577-B29A-746C4960C456}"
EndProject
Project("{FAE04EC0-301F-11D3-BF4B-00C04F79EFBC}") = "ShiroTests", "ShiroTests\ShiroTests.csproj", "{035B9B81-9FF8-4F8B-B799-E7DE212A468D}"
EndProject
Project("{FAE04EC0-301F-11D3-BF4B-00C04F79EFBC}") = "TodoListWebApi", "TodoListWebApi\TodoListWebApi.csproj", "{D8C88C6F-651C-456C-ACC4-E566A9AA308F}"
EndProject
Global
	GlobalSection(SolutionConfigurationPlatforms) = preSolution
		Debug|Any CPU = Debug|Any CPU
		Release|Any CPU = Release|Any CPU
	EndGlobalSection
	GlobalSection(ProjectConfigurationPlatforms) = postSolution
		{23A0B31E-8481-4577-B29A-746C4960C456}.Debug|Any CPU.ActiveCfg = Debug|Any CPU
		{23A0B31E-8481-4577-B29A-746C4960C456}.Debug|Any CPU.Build.0 = Debug|Any CPU
		{23A0B31E-8481-4577-B29A-746C4960C456}.Release|Any CPU.ActiveCfg = Release|Any CPU
		{23A0B31E-8481-4577-B29A-746C4960C456}.Release|Any CPU.Build.0 = Release|Any CPU
		{035B9B81-9FF8-4F8B-B799-E7DE212A468D}.Debug|Any CPU.ActiveCfg = Debug|Any CPU
		{035B9B81-9FF8-4F8B-B799-E7DE212A468D}.Debug|Any CPU.Build.0 = Debug|Any CPU
		{035B9B81-9FF8-4F8B-B799-E7DE212A468D}.Release|Any CPU.ActiveCfg = Release|Any CPU
		{035B9B81-9FF8-4F8B-B799-E7DE212A468D}.Release|Any CPU.Build.0 = Release|Any CPU
		{D8C88C6F-651C-456C-ACC4-E566A9AA308F}.Debug|Any CPU.ActiveCfg = Debug|Any CPU
		{D8C88C6F-651C-456C-ACC4-E566A9AA308F}.Debug|Any CPU.Build.0 = Debug|Any CPU
		{D8C88C6F-651C-456C-ACC4-E566A9AA308F}.Release|Any CPU.ActiveCfg = Release|Any CPU
		{D8C88C6F-651C-456C-ACC4-E566A9AA308F}.Release|Any CPU.Build.0 = Release|Any CPU
	EndGlobalSection
EndGlobal
